
Microsoft Visual Studio Solution File, Format Version 12.00
# Visual Studio Version 16
VisualStudioVersion = 16.0.31911.196
MinimumVisualStudioVersion = 10.0.40219.1
Project("{FAE04EC0-301F-11D3-BF4B-00C04F79EFBC}") = "TheHuntingGames", "TheHuntingGames\TheHuntingGames.csproj", "{9EEE4383-2860-4C76-A1FA-3BED77CFACD5}"
EndProject
Project("{FAE04EC0-301F-11D3-BF4B-00C04F79EFBC}") = "SpaceTravel", "SpaceTravel\SpaceTravel.csproj", "{C74DB63C-C465-418B-8E9A-A86E18C6EF1E}"
EndProject
Project("{FAE04EC0-301F-11D3-BF4B-00C04F79EFBC}") = "PhoneShop", "PhoneShop\PhoneShop.csproj", "{F79691EA-D145-4D76-AFD5-0D26FB1FE9D7}"
EndProject
Global
	GlobalSection(SolutionConfigurationPlatforms) = preSolution
		Debug|Any CPU = Debug|Any CPU
		Release|Any CPU = Release|Any CPU
	EndGlobalSection
	GlobalSection(ProjectConfigurationPlatforms) = postSolution
		{9EEE4383-2860-4C76-A1FA-3BED77CFACD5}.Debug|Any CPU.ActiveCfg = Debug|Any CPU
		{9EEE4383-2860-4C76-A1FA-3BED77CFACD5}.Debug|Any CPU.Build.0 = Debug|Any CPU
		{9EEE4383-2860-4C76-A1FA-3BED77CFACD5}.Release|Any CPU.ActiveCfg = Release|Any CPU
		{9EEE4383-2860-4C76-A1FA-3BED77CFACD5}.Release|Any CPU.Build.0 = Release|Any CPU
		{C74DB63C-C465-418B-8E9A-A86E18C6EF1E}.Debug|Any CPU.ActiveCfg = Debug|Any CPU
		{C74DB63C-C465-418B-8E9A-A86E18C6EF1E}.Debug|Any CPU.Build.0 = Debug|Any CPU
		{C74DB63C-C465-418B-8E9A-A86E18C6EF1E}.Release|Any CPU.ActiveCfg = Release|Any CPU
		{C74DB63C-C465-418B-8E9A-A86E18C6EF1E}.Release|Any CPU.Build.0 = Release|Any CPU
		{F79691EA-D145-4D76-AFD5-0D26FB1FE9D7}.Debug|Any CPU.ActiveCfg = Debug|Any CPU
		{F79691EA-D145-4D76-AFD5-0D26FB1FE9D7}.Debug|Any CPU.Build.0 = Debug|Any CPU
		{F79691EA-D145-4D76-AFD5-0D26FB1FE9D7}.Release|Any CPU.ActiveCfg = Release|Any CPU
		{F79691EA-D145-4D76-AFD5-0D26FB1FE9D7}.Release|Any CPU.Build.0 = Release|Any CPU
	EndGlobalSection
	GlobalSection(SolutionProperties) = preSolution
		HideSolutionNode = FALSE
	EndGlobalSection
	GlobalSection(ExtensibilityGlobals) = postSolution
		SolutionGuid = {E6377B1E-F929-431F-B5D6-E5948DCF1025}
	EndGlobalSection
EndGlobal
